
Microsoft Visual Studio Solution File, Format Version 12.00
Project("{FAE04EC0-301F-11D3-BF4B-00C04F79EFBC}") = "WebApi", "WebApi\WebApi.csproj", "{DEF458C5-8B16-4E61-9519-9EA372F397F3}"
EndProject
Project("{FAE04EC0-301F-11D3-BF4B-00C04F79EFBC}") = "Core", "Core\Core.csproj", "{EC2909A4-0072-4560-BDED-38CF96E98E6E}"
EndProject
Project("{FAE04EC0-301F-11D3-BF4B-00C04F79EFBC}") = "Application", "Application\Application.csproj", "{98BE49F6-36C8-473C-93B5-A5A8D5DC0A87}"
EndProject
Project("{FAE04EC0-301F-11D3-BF4B-00C04F79EFBC}") = "DataAccess", "DataAccess\DataAccess.csproj", "{E4F62FAE-C4F5-40BC-8603-A42DFE178DD8}"
EndProject
Project("{FAE04EC0-301F-11D3-BF4B-00C04F79EFBC}") = "Host", "Host\Host.csproj", "{87ABA664-0775-4ACE-A0BE-C03E4F4D8F65}"
EndProject
Global
	GlobalSection(SolutionConfigurationPlatforms) = preSolution
		Debug|Any CPU = Debug|Any CPU
		Release|Any CPU = Release|Any CPU
	EndGlobalSection
	GlobalSection(ProjectConfigurationPlatforms) = postSolution
		{DEF458C5-8B16-4E61-9519-9EA372F397F3}.Debug|Any CPU.ActiveCfg = Debug|Any CPU
		{DEF458C5-8B16-4E61-9519-9EA372F397F3}.Debug|Any CPU.Build.0 = Debug|Any CPU
		{DEF458C5-8B16-4E61-9519-9EA372F397F3}.Release|Any CPU.ActiveCfg = Release|Any CPU
		{DEF458C5-8B16-4E61-9519-9EA372F397F3}.Release|Any CPU.Build.0 = Release|Any CPU
		{EC2909A4-0072-4560-BDED-38CF96E98E6E}.Debug|Any CPU.ActiveCfg = Debug|Any CPU
		{EC2909A4-0072-4560-BDED-38CF96E98E6E}.Debug|Any CPU.Build.0 = Debug|Any CPU
		{EC2909A4-0072-4560-BDED-38CF96E98E6E}.Release|Any CPU.ActiveCfg = Release|Any CPU
		{EC2909A4-0072-4560-BDED-38CF96E98E6E}.Release|Any CPU.Build.0 = Release|Any CPU
		{98BE49F6-36C8-473C-93B5-A5A8D5DC0A87}.Debug|Any CPU.ActiveCfg = Debug|Any CPU
		{98BE49F6-36C8-473C-93B5-A5A8D5DC0A87}.Debug|Any CPU.Build.0 = Debug|Any CPU
		{98BE49F6-36C8-473C-93B5-A5A8D5DC0A87}.Release|Any CPU.ActiveCfg = Release|Any CPU
		{98BE49F6-36C8-473C-93B5-A5A8D5DC0A87}.Release|Any CPU.Build.0 = Release|Any CPU
		{E4F62FAE-C4F5-40BC-8603-A42DFE178DD8}.Debug|Any CPU.ActiveCfg = Debug|Any CPU
		{E4F62FAE-C4F5-40BC-8603-A42DFE178DD8}.Debug|Any CPU.Build.0 = Debug|Any CPU
		{E4F62FAE-C4F5-40BC-8603-A42DFE178DD8}.Release|Any CPU.ActiveCfg = Release|Any CPU
		{E4F62FAE-C4F5-40BC-8603-A42DFE178DD8}.Release|Any CPU.Build.0 = Release|Any CPU
		{87ABA664-0775-4ACE-A0BE-C03E4F4D8F65}.Debug|Any CPU.ActiveCfg = Debug|Any CPU
		{87ABA664-0775-4ACE-A0BE-C03E4F4D8F65}.Debug|Any CPU.Build.0 = Debug|Any CPU
		{87ABA664-0775-4ACE-A0BE-C03E4F4D8F65}.Release|Any CPU.ActiveCfg = Release|Any CPU
		{87ABA664-0775-4ACE-A0BE-C03E4F4D8F65}.Release|Any CPU.Build.0 = Release|Any CPU
	EndGlobalSection
EndGlobal
